// !$*UTF8*$!
{
	archiveVersion = 1;
	classes = {
	};
	objectVersion = 50;
	objects = {

/* Begin PBXBuildFile section */
		A4A7917224DAF5E60078F08C /* AppDelegate.swift in Sources */ = {isa = PBXBuildFile; fileRef = A4A7917124DAF5E60078F08C /* AppDelegate.swift */; };
		A4A7917424DAF5E60078F08C /* SceneDelegate.swift in Sources */ = {isa = PBXBuildFile; fileRef = A4A7917324DAF5E60078F08C /* SceneDelegate.swift */; };
		A4A7917624DAF5E60078F08C /* ViewController.swift in Sources */ = {isa = PBXBuildFile; fileRef = A4A7917524DAF5E60078F08C /* ViewController.swift */; };
		A4A7917924DAF5E60078F08C /* Main.storyboard in Resources */ = {isa = PBXBuildFile; fileRef = A4A7917724DAF5E60078F08C /* Main.storyboard */; };
		A4A7917B24DAF5EA0078F08C /* Assets.xcassets in Resources */ = {isa = PBXBuildFile; fileRef = A4A7917A24DAF5EA0078F08C /* Assets.xcassets */; };
		A4A7917E24DAF5EA0078F08C /* LaunchScreen.storyboard in Resources */ = {isa = PBXBuildFile; fileRef = A4A7917C24DAF5EA0078F08C /* LaunchScreen.storyboard */; };
/* End PBXBuildFile section */

/* Begin PBXFileReference section */
		A4A7916E24DAF5E60078F08C /* StoryboardInto.app */ = {isa = PBXFileReference; explicitFileType = wrapper.application; includeInIndex = 0; path = StoryboardInto.app; sourceTree = BUILT_PRODUCTS_DIR; };
		A4A7917124DAF5E60078F08C /* AppDelegate.swift */ = {isa = PBXFileReference; lastKnownFileType = sourcecode.swift; path = AppDelegate.swift; sourceTree = "<group>"; };
		A4A7917324DAF5E60078F08C /* SceneDelegate.swift */ = {isa = PBXFileReference; lastKnownFileType = sourcecode.swift; path = SceneDelegate.swift; sourceTree = "<group>"; };
		A4A7917524DAF5E60078F08C /* ViewController.swift */ = {isa = PBXFileReference; lastKnownFileType = sourcecode.swift; path = ViewController.swift; sourceTree = "<group>"; };
		A4A7917824DAF5E60078F08C /* Base */ = {isa = PBXFileReference; lastKnownFileType = file.storyboard; name = Base; path = Base.lproj/Main.storyboard; sourceTree = "<group>"; };
		A4A7917A24DAF5EA0078F08C /* Assets.xcassets */ = {isa = PBXFileReference; lastKnownFileType = folder.assetcatalog; path = Assets.xcassets; sourceTree = "<group>"; };
		A4A7917D24DAF5EA0078F08C /* Base */ = {isa = PBXFileReference; lastKnownFileType = file.storyboard; name = Base; path = Base.lproj/LaunchScreen.storyboard; sourceTree = "<group>"; };
		A4A7917F24DAF5EA0078F08C /* Info.plist */ = {isa = PBXFileReference; lastKnownFileType = text.plist.xml; path = Info.plist; sourceTree = "<group>"; };
/* End PBXFileReference section */

/* Begin PBXFrameworksBuildPhase section */
		A4A7916B24DAF5E60078F08C /* Frameworks */ = {
			isa = PBXFrameworksBuildPhase;
			buildActionMask = 2147483647;
			files = (
			);
			runOnlyForDeploymentPostprocessing = 0;
		};
/* End PBXFrameworksBuildPhase section */

/* Begin PBXGroup section */
		A4A7916524DAF5E60078F08C = {
			isa = PBXGroup;
			children = (
				A4A7917024DAF5E60078F08C /* StoryboardInto */,
				A4A7916F24DAF5E60078F08C /* Products */,
			);
			sourceTree = "<group>";
		};
		A4A7916F24DAF5E60078F08C /* Products */ = {
			isa = PBXGroup;
			children = (
				A4A7916E24DAF5E60078F08C /* StoryboardInto.app */,
			);
			name = Products;
			sourceTree = "<group>";
		};
		A4A7917024DAF5E60078F08C /* StoryboardInto */ = {
			isa = PBXGroup;
			children = (
				A4A7917124DAF5E60078F08C /* AppDelegate.swift */,
				A4A7917324DAF5E60078F08C /* SceneDelegate.swift */,
				A4A7917524DAF5E60078F08C /* ViewController.swift */,
				A4A7917724DAF5E60078F08C /* Main.storyboard */,
				A4A7917A24DAF5EA0078F08C /* Assets.xcassets */,
				A4A7917C24DAF5EA0078F08C /* LaunchScreen.storyboard */,
				A4A7917F24DAF5EA0078F08C /* Info.plist */,
			);
			path = StoryboardInto;
			sourceTree = "<group>";
		};
/* End PBXGroup section */

/* Begin PBXNativeTarget section */
		A4A7916D24DAF5E60078F08C /* StoryboardInto */ = {
			isa = PBXNativeTarget;
			buildConfigurationList = A4A7918224DAF5EA0078F08C /* Build configuration list for PBXNativeTarget "StoryboardInto" */;
			buildPhases = (
				A4A7916A24DAF5E60078F08C /* Sources */,
				A4A7916B24DAF5E60078F08C /* Frameworks */,
				A4A7916C24DAF5E60078F08C /* Resources */,
			);
			buildRules = (
			);
			dependencies = (
			);
			name = StoryboardInto;
			productName = StoryboardInto;
			productReference = A4A7916E24DAF5E60078F08C /* StoryboardInto.app */;
			productType = "com.apple.product-type.application";
		};
/* End PBXNativeTarget section */

/* Begin PBXProject section */
		A4A7916624DAF5E60078F08C /* Project object */ = {
			isa = PBXProject;
			attributes = {
				LastSwiftUpdateCheck = 1150;
				LastUpgradeCheck = 1150;
				ORGANIZATIONNAME = "Laura Pena";
				TargetAttributes = {
					A4A7916D24DAF5E60078F08C = {
						CreatedOnToolsVersion = 11.5;
					};
				};
			};
			buildConfigurationList = A4A7916924DAF5E60078F08C /* Build configuration list for PBXProject "StoryboardInto" */;
			compatibilityVersion = "Xcode 9.3";
			developmentRegion = en;
			hasScannedForEncodings = 0;
			knownRegions = (
				en,
				Base,
			);
			mainGroup = A4A7916524DAF5E60078F08C;
			productRefGroup = A4A7916F24DAF5E60078F08C /* Products */;
			projectDirPath = "";
			projectRoot = "";
			targets = (
				A4A7916D24DAF5E60078F08C /* StoryboardInto */,
			);
		};
/* End PBXProject section */

/* Begin PBXResourcesBuildPhase section */
		A4A7916C24DAF5E60078F08C /* Resources */ = {
			isa = PBXResourcesBuildPhase;
			buildActionMask = 2147483647;
			files = (
				A4A7917E24DAF5EA0078F08C /* LaunchScreen.storyboard in Resources */,
				A4A7917B24DAF5EA0078F08C /* Assets.xcassets in Resources */,
				A4A7917924DAF5E60078F08C /* Main.storyboard in Resources */,
			);
			runOnlyForDeploymentPostprocessing = 0;
		};
/* End PBXResourcesBuildPhase section */

/* Begin PBXSourcesBuildPhase section */
		A4A7916A24DAF5E60078F08C /* Sources */ = {
			isa = PBXSourcesBuildPhase;
			buildActionMask = 2147483647;
			files = (
				A4A7917624DAF5E60078F08C /* ViewController.swift in Sources */,
				A4A7917224DAF5E60078F08C /* AppDelegate.swift in Sources */,
				A4A7917424DAF5E60078F08C /* SceneDelegate.swift in Sources */,
			);
			runOnlyForDeploymentPostprocessing = 0;
		};
/* End PBXSourcesBuildPhase section */

/* Begin PBXVariantGroup section */
		A4A7917724DAF5E60078F08C /* Main.storyboard */ = {
			isa = PBXVariantGroup;
			children = (
				A4A7917824DAF5E60078F08C /* Base */,
			);
			name = Main.storyboard;
			sourceTree = "<group>";
		};
		A4A7917C24DAF5EA0078F08C /* LaunchScreen.storyboard */ = {
			isa = PBXVariantGroup;
			children = (
				A4A7917D24DAF5EA0078F08C /* Base */,
			);
			name = LaunchScreen.storyboard;
			sourceTree = "<group>";
		};
/* End PBXVariantGroup section */

/* Begin XCBuildConfiguration section */
		A4A7918024DAF5EA0078F08C /* Debug */ = {
			isa = XCBuildConfiguration;
			buildSettings = {
				ALWAYS_SEARCH_USER_PATHS = NO;
				CLANG_ANALYZER_NONNULL = YES;
				CLANG_ANALYZER_NUMBER_OBJECT_CONVERSION = YES_AGGRESSIVE;
				CLANG_CXX_LANGUAGE_STANDARD = "gnu++14";
				CLANG_CXX_LIBRARY = "libc++";
				CLANG_ENABLE_MODULES = YES;
				CLANG_ENABLE_OBJC_ARC = YES;
				CLANG_ENABLE_OBJC_WEAK = YES;
				CLANG_WARN_BLOCK_CAPTURE_AUTORELEASING = YES;
				CLANG_WARN_BOOL_CONVERSION = YES;
				CLANG_WARN_COMMA = YES;
				CLANG_WARN_CONSTANT_CONVERSION = YES;
				CLANG_WARN_DEPRECATED_OBJC_IMPLEMENTATIONS = YES;
				CLANG_WARN_DIRECT_OBJC_ISA_USAGE = YES_ERROR;
				CLANG_WARN_DOCUMENTATION_COMMENTS = YES;
				CLANG_WARN_EMPTY_BODY = YES;
				CLANG_WARN_ENUM_CONVERSION = YES;
				CLANG_WARN_INFINITE_RECURSION = YES;
				CLANG_WARN_INT_CONVERSION = YES;
				CLANG_WARN_NON_LITERAL_NULL_CONVERSION = YES;
				CLANG_WARN_OBJC_IMPLICIT_RETAIN_SELF = YES;
				CLANG_WARN_OBJC_LITERAL_CONVERSION = YES;
				CLANG_WARN_OBJC_ROOT_CLASS = YES_ERROR;
				CLANG_WARN_RANGE_LOOP_ANALYSIS = YES;
				CLANG_WARN_STRICT_PROTOTYPES = YES;
				CLANG_WARN_SUSPICIOUS_MOVE = YES;
				CLANG_WARN_UNGUARDED_AVAILABILITY = YES_AGGRESSIVE;
				CLANG_WARN_UNREACHABLE_CODE = YES;
				CLANG_WARN__DUPLICATE_METHOD_MATCH = YES;
				COPY_PHASE_STRIP = NO;
				DEBUG_INFORMATION_FORMAT = dwarf;
				ENABLE_STRICT_OBJC_MSGSEND = YES;
				ENABLE_TESTABILITY = YES;
				GCC_C_LANGUAGE_STANDARD = gnu11;
				GCC_DYNAMIC_NO_PIC = NO;
				GCC_NO_COMMON_BLOCKS = YES;
				GCC_OPTIMIZATION_LEVEL = 0;
				GCC_PREPROCESSOR_DEFINITIONS = (
					"DEBUG=1",
					"$(inherited)",
				);
				GCC_WARN_64_TO_32_BIT_CONVERSION = YES;
				GCC_WARN_ABOUT_RETURN_TYPE = YES_ERROR;
				GCC_WARN_UNDECLARED_SELECTOR = YES;
				GCC_WARN_UNINITIALIZED_AUTOS = YES_AGGRESSIVE;
				GCC_WARN_UNUSED_FUNCTION = YES;
				GCC_WARN_UNUSED_VARIABLE = YES;
				IPHONEOS_DEPLOYMENT_TARGET = 13.5;
				MTL_ENABLE_DEBUG_INFO = INCLUDE_SOURCE;
				MTL_FAST_MATH = YES;
				ONLY_ACTIVE_ARCH = YES;
				SDKROOT = iphoneos;
				SWIFT_ACTIVE_COMPILATION_CONDITIONS = DEBUG;
				SWIFT_OPTIMIZATION_LEVEL = "-Onone";
			};
			name = Debug;
		};
		A4A7918124DAF5EA0078F08C /* Release */ = {
			isa = XCBuildConfiguration;
			buildSettings = {
				ALWAYS_SEARCH_USER_PATHS = NO;
				CLANG_ANALYZER_NONNULL = YES;
				CLANG_ANALYZER_NUMBER_OBJECT_CONVERSION = YES_AGGRESSIVE;
				CLANG_CXX_LANGUAGE_STANDARD = "gnu++14";
				CLANG_CXX_LIBRARY = "libc++";
				CLANG_ENABLE_MODULES = YES;
				CLANG_ENABLE_OBJC_ARC = YES;
				CLANG_ENABLE_OBJC_WEAK = YES;
				CLANG_WARN_BLOCK_CAPTURE_AUTORELEASING = YES;
				CLANG_WARN_BOOL_CONVERSION = YES;
				CLANG_WARN_COMMA = YES;
				CLANG_WARN_CONSTANT_CONVERSION = YES;
				CLANG_WARN_DEPRECATED_OBJC_IMPLEMENTATIONS = YES;
				CLANG_WARN_DIRECT_OBJC_ISA_USAGE = YES_ERROR;
				CLANG_WARN_DOCUMENTATION_COMMENTS = YES;
				CLANG_WARN_EMPTY_BODY = YES;
				CLANG_WARN_ENUM_CONVERSION = YES;
				CLANG_WARN_INFINITE_RECURSION = YES;
				CLANG_WARN_INT_CONVERSION = YES;
				CLANG_WARN_NON_LITERAL_NULL_CONVERSION = YES;
				CLANG_WARN_OBJC_IMPLICIT_RETAIN_SELF = YES;
				CLANG_WARN_OBJC_LITERAL_CONVERSION = YES;
				CLANG_WARN_OBJC_ROOT_CLASS = YES_ERROR;
				CLANG_WARN_RANGE_LOOP_ANALYSIS = YES;
				CLANG_WARN_STRICT_PROTOTYPES = YES;
				CLANG_WARN_SUSPICIOUS_MOVE = YES;
				CLANG_WARN_UNGUARDED_AVAILABILITY = YES_AGGRESSIVE;
				CLANG_WARN_UNREACHABLE_CODE = YES;
				CLANG_WARN__DUPLICATE_METHOD_MATCH = YES;
				COPY_PHASE_STRIP = NO;
				DEBUG_INFORMATION_FORMAT = "dwarf-with-dsym";
				ENABLE_NS_ASSERTIONS = NO;
				ENABLE_STRICT_OBJC_MSGSEND = YES;
				GCC_C_LANGUAGE_STANDARD = gnu11;
				GCC_NO_COMMON_BLOCKS = YES;
				GCC_WARN_64_TO_32_BIT_CONVERSION = YES;
				GCC_WARN_ABOUT_RETURN_TYPE = YES_ERROR;
				GCC_WARN_UNDECLARED_SELECTOR = YES;
				GCC_WARN_UNINITIALIZED_AUTOS = YES_AGGRESSIVE;
				GCC_WARN_UNUSED_FUNCTION = YES;
				GCC_WARN_UNUSED_VARIABLE = YES;
				IPHONEOS_DEPLOYMENT_TARGET = 13.5;
				MTL_ENABLE_DEBUG_INFO = NO;
				MTL_FAST_MATH = YES;
				SDKROOT = iphoneos;
				SWIFT_COMPILATION_MODE = wholemodule;
				SWIFT_OPTIMIZATION_LEVEL = "-O";
				VALIDATE_PRODUCT = YES;
			};
			name = Release;
		};
		A4A7918324DAF5EA0078F08C /* Debug */ = {
			isa = XCBuildConfiguration;
			buildSettings = {
				ASSETCATALOG_COMPILER_APPICON_NAME = AppIcon;
				CODE_SIGN_STYLE = Automatic;
				INFOPLIST_FILE = StoryboardInto/Info.plist;
				LD_RUNPATH_SEARCH_PATHS = (
					"$(inherited)",
					"@executable_path/Frameworks",
				);
				PRODUCT_BUNDLE_IDENTIFIER = KWK.StoryboardInto;
				PRODUCT_NAME = "$(TARGET_NAME)";
				SWIFT_VERSION = 5.0;
				TARGETED_DEVICE_FAMILY = "1,2";
			};
			name = Debug;
		};
		A4A7918424DAF5EA0078F08C /* Release */ = {
			isa = XCBuildConfiguration;
			buildSettings = {
				ASSETCATALOG_COMPILER_APPICON_NAME = AppIcon;
				CODE_SIGN_STYLE = Automatic;
				INFOPLIST_FILE = StoryboardInto/Info.plist;
				LD_RUNPATH_SEARCH_PATHS = (
					"$(inherited)",
					"@executable_path/Frameworks",
				);
				PRODUCT_BUNDLE_IDENTIFIER = KWK.StoryboardInto;
				PRODUCT_NAME = "$(TARGET_NAME)";
				SWIFT_VERSION = 5.0;
				TARGETED_DEVICE_FAMILY = "1,2";
			};
			name = Release;
		};
/* End XCBuildConfiguration section */

/* Begin XCConfigurationList section */
		A4A7916924DAF5E60078F08C /* Build configuration list for PBXProject "StoryboardInto" */ = {
			isa = XCConfigurationList;
			buildConfigurations = (
				A4A7918024DAF5EA0078F08C /* Debug */,
				A4A7918124DAF5EA0078F08C /* Release */,
			);
			defaultConfigurationIsVisible = 0;
			defaultConfigurationName = Release;
		};
		A4A7918224DAF5EA0078F08C /* Build configuration list for PBXNativeTarget "StoryboardInto" */ = {
			isa = XCConfigurationList;
			buildConfigurations = (
				A4A7918324DAF5EA0078F08C /* Debug */,
				A4A7918424DAF5EA0078F08C /* Release */,
			);
			defaultConfigurationIsVisible = 0;
			defaultConfigurationName = Release;
		};
/* End XCConfigurationList section */
	};
	rootObject = A4A7916624DAF5E60078F08C /* Project object */;
}
